<?xml version="1.0" encoding="utf-8"?>
<Project ToolsVersion="4.0" xmlns="http://schemas.microsoft.com/developer/msbuild/2003">
  <ItemGroup>
    <Filter Include="Source Files">
      <UniqueIdentifier>{4FC737F1-C7A5-4376-A066-2A32D752A2FF}</UniqueIdentifier>
      <Extensions>cpp;c;cc;cxx;def;odl;idl;hpj;bat;asm;asmx</Extensions>
    </Filter>
    <Filter Include="Header Files">
      <UniqueIdentifier>{93995380-89BD-4b04-88EB-625FBE52EBFB}</UniqueIdentifier>
      <Extensions>h;hh;hpp;hxx;hm;inl;inc;xsd</Extensions>
    </Filter>
    <Filter Include="Resource Files">
      <UniqueIdentifier>{67DA6AB6-F800-4c08-8B7A-83BB121AAD01}</UniqueIdentifier>
      <Extensions>rc;ico;cur;bmp;dlg;rc2;rct;bin;rgs;gif;jpg;jpeg;jpe;resx;tiff;tif;png;wav;mfcribbon-ms</Extensions>
    </Filter>
    <Filter Include="Header Files\aegis">
      <UniqueIdentifier>{afe62982-4e66-4d5d-885c-cda55a8231ba}</UniqueIdentifier>
    </Filter>
    <Filter Include="Header Files\aegis\gateway events">
      <UniqueIdentifier>{40336c3f-fe1c-4294-bf3b-0d67e8bb51db}</UniqueIdentifier>
    </Filter>
    <Filter Include="Header Files\aegis\objects">
      <UniqueIdentifier>{e8b84655-fb65-4647-aead-e6553cf2d1d1}</UniqueIdentifier>
    </Filter>
  </ItemGroup>
  <ItemGroup>
    <ClInclude Include="..\src\example.hpp">
      <Filter>Source Files</Filter>
    </ClInclude>
    <ClInclude Include="..\include\aegis.hpp">
      <Filter>Header Files</Filter>
    </ClInclude>
    <ClInclude Include="..\include\aegis\utility.hpp">
      <Filter>Header Files\aegis</Filter>
    </ClInclude>
    <ClInclude Include="..\include\aegis\aegis_impl.hpp">
      <Filter>Header Files\aegis</Filter>
    </ClInclude>
    <ClInclude Include="..\include\aegis\aegis.hpp">
      <Filter>Header Files\aegis</Filter>
    </ClInclude>
    <ClInclude Include="..\include\aegis\channel.hpp">
      <Filter>Header Files\aegis</Filter>
    </ClInclude>
    <ClInclude Include="..\include\aegis\channel_impl.hpp">
      <Filter>Header Files\aegis</Filter>
    </ClInclude>
    <ClInclude Include="..\include\aegis\common.hpp">
      <Filter>Header Files\aegis</Filter>
    </ClInclude>
    <ClInclude Include="..\include\aegis\config.hpp">
      <Filter>Header Files\aegis</Filter>
    </ClInclude>
    <ClInclude Include="..\include\aegis\error.hpp">
      <Filter>Header Files\aegis</Filter>
    </ClInclude>
    <ClInclude Include="..\include\aegis\guild.hpp">
      <Filter>Header Files\aegis</Filter>
    </ClInclude>
    <ClInclude Include="..\include\aegis\guild_impl.hpp">
      <Filter>Header Files\aegis</Filter>
    </ClInclude>
    <ClInclude Include="..\include\aegis\member.hpp">
      <Filter>Header Files\aegis</Filter>
    </ClInclude>
    <ClInclude Include="..\include\aegis\permission.hpp">
      <Filter>Header Files\aegis</Filter>
    </ClInclude>
    <ClInclude Include="..\include\aegis\ratelimit.hpp">
      <Filter>Header Files\aegis</Filter>
    </ClInclude>
    <ClInclude Include="..\include\aegis\role.hpp">
      <Filter>Header Files\aegis</Filter>
    </ClInclude>
    <ClInclude Include="..\include\aegis\snowflake.hpp">
      <Filter>Header Files\aegis</Filter>
    </ClInclude>
    <ClInclude Include="..\include\aegis\state_c.hpp">
      <Filter>Header Files\aegis</Filter>
    </ClInclude>
    <ClInclude Include="..\include\aegis\structs.hpp">
      <Filter>Header Files\aegis</Filter>
    </ClInclude>
    <ClInclude Include="..\include\aegis\shard.hpp">
      <Filter>Header Files\aegis</Filter>
    </ClInclude>
    <ClInclude Include="..\include\aegis\events\message_create.hpp">
      <Filter>Header Files\aegis\gateway events</Filter>
    </ClInclude>
    <ClInclude Include="..\include\aegis\events\typing_start.hpp">
      <Filter>Header Files\aegis\gateway events</Filter>
    </ClInclude>
    <ClInclude Include="..\include\aegis\objects\field.hpp">
      <Filter>Header Files\aegis\objects</Filter>
    </ClInclude>
    <ClInclude Include="..\include\aegis\objects\message.hpp">
      <Filter>Header Files\aegis\objects</Filter>
    </ClInclude>
    <ClInclude Include="..\include\aegis\objects\reaction.hpp">
      <Filter>Header Files\aegis\objects</Filter>
    </ClInclude>
    <ClInclude Include="..\include\aegis\objects\attachment.hpp">
      <Filter>Header Files\aegis\objects</Filter>
    </ClInclude>
    <ClInclude Include="..\include\aegis\objects\embed.hpp">
      <Filter>Header Files\aegis\objects</Filter>
    </ClInclude>
    <ClInclude Include="..\include\aegis\objects\emoji.hpp">
      <Filter>Header Files\aegis\objects</Filter>
    </ClInclude>
    <ClInclude Include="..\include\aegis\member_impl.hpp">
      <Filter>Header Files\aegis</Filter>
    </ClInclude>
    <ClInclude Include="..\include\aegis\objects\footer.hpp">
      <Filter>Header Files\aegis\objects</Filter>
    </ClInclude>
    <ClInclude Include="..\include\aegis\objects\image.hpp">
      <Filter>Header Files\aegis\objects</Filter>
    </ClInclude>
    <ClInclude Include="..\include\aegis\objects\provider.hpp">
      <Filter>Header Files\aegis\objects</Filter>
    </ClInclude>
    <ClInclude Include="..\include\aegis\objects\thumbnail.hpp">
      <Filter>Header Files\aegis\objects</Filter>
    </ClInclude>
    <ClInclude Include="..\include\aegis\objects\video.hpp">
      <Filter>Header Files\aegis\objects</Filter>
    </ClInclude>
    <ClInclude Include="..\include\aegis\shard_impl.hpp">
      <Filter>Header Files\aegis</Filter>
    </ClInclude>
    <ClInclude Include="..\src\example_impl.hpp">
      <Filter>Source Files</Filter>
    </ClInclude>
    <ClInclude Include="..\include\aegis\events\presence_update.hpp">
      <Filter>Header Files\aegis\gateway events</Filter>
    </ClInclude>
    <ClInclude Include="..\include\aegis\events\user_update.hpp">
      <Filter>Header Files\aegis\gateway events</Filter>
    </ClInclude>
    <ClInclude Include="..\include\aegis\events\voice_state_update.hpp">
      <Filter>Header Files\aegis\gateway events</Filter>
    </ClInclude>
    <ClInclude Include="..\include\aegis\events\voice_server_update.hpp">
      <Filter>Header Files\aegis\gateway events</Filter>
    </ClInclude>
    <ClInclude Include="..\include\aegis\events\webhooks_update.hpp">
      <Filter>Header Files\aegis\gateway events</Filter>
    </ClInclude>
    <ClInclude Include="..\include\aegis\events\message_reaction_remove_all.hpp">
      <Filter>Header Files\aegis\gateway events</Filter>
    </ClInclude>
    <ClInclude Include="..\include\aegis\events\message_reaction_remove.hpp">
      <Filter>Header Files\aegis\gateway events</Filter>
    </ClInclude>
    <ClInclude Include="..\include\aegis\events\message_reaction_add.hpp">
      <Filter>Header Files\aegis\gateway events</Filter>
    </ClInclude>
    <ClInclude Include="..\include\aegis\events\message_delete_bulk.hpp">
      <Filter>Header Files\aegis\gateway events</Filter>
    </ClInclude>
    <ClInclude Include="..\include\aegis\events\message_delete.hpp">
      <Filter>Header Files\aegis\gateway events</Filter>
    </ClInclude>
    <ClInclude Include="..\include\aegis\events\message_update.hpp">
      <Filter>Header Files\aegis\gateway events</Filter>
    </ClInclude>
    <ClInclude Include="..\include\aegis\events\guild_role_delete.hpp">
      <Filter>Header Files\aegis\gateway events</Filter>
    </ClInclude>
    <ClInclude Include="..\include\aegis\events\guild_role_create.hpp">
      <Filter>Header Files\aegis\gateway events</Filter>
    </ClInclude>
    <ClInclude Include="..\include\aegis\events\guild_role_update.hpp">
      <Filter>Header Files\aegis\gateway events</Filter>
    </ClInclude>
    <ClInclude Include="..\include\aegis\events\guild_members_chunk.hpp">
      <Filter>Header Files\aegis\gateway events</Filter>
    </ClInclude>
    <ClInclude Include="..\include\aegis\events\guild_member_update.hpp">
      <Filter>Header Files\aegis\gateway events</Filter>
    </ClInclude>
    <ClInclude Include="..\include\aegis\events\guild_member_remove.hpp">
      <Filter>Header Files\aegis\gateway events</Filter>
    </ClInclude>
    <ClInclude Include="..\include\aegis\events\guild_member_add.hpp">
      <Filter>Header Files\aegis\gateway events</Filter>
    </ClInclude>
    <ClInclude Include="..\include\aegis\events\guild_integrations_update.hpp">
      <Filter>Header Files\aegis\gateway events</Filter>
    </ClInclude>
    <ClInclude Include="..\include\aegis\events\guild_emojis_update.hpp">
      <Filter>Header Files\aegis\gateway events</Filter>
    </ClInclude>
    <ClInclude Include="..\include\aegis\events\guild_ban_remove.hpp">
      <Filter>Header Files\aegis\gateway events</Filter>
    </ClInclude>
    <ClInclude Include="..\include\aegis\events\guild_ban_add.hpp">
      <Filter>Header Files\aegis\gateway events</Filter>
    </ClInclude>
    <ClInclude Include="..\include\aegis\events\guild_delete.hpp">
      <Filter>Header Files\aegis\gateway events</Filter>
    </ClInclude>
    <ClInclude Include="..\include\aegis\events\guild_update.hpp">
      <Filter>Header Files\aegis\gateway events</Filter>
    </ClInclude>
    <ClInclude Include="..\include\aegis\events\guild_create.hpp">
      <Filter>Header Files\aegis\gateway events</Filter>
    </ClInclude>
    <ClInclude Include="..\include\aegis\events\channel_pins_update.hpp">
      <Filter>Header Files\aegis\gateway events</Filter>
    </ClInclude>
    <ClInclude Include="..\include\aegis\events\channel_delete.hpp">
      <Filter>Header Files\aegis\gateway events</Filter>
    </ClInclude>
    <ClInclude Include="..\include\aegis\events\channel_update.hpp">
      <Filter>Header Files\aegis\gateway events</Filter>
    </ClInclude>
    <ClInclude Include="..\include\aegis\events\channel_create.hpp">
      <Filter>Header Files\aegis\gateway events</Filter>
    </ClInclude>
    <ClInclude Include="..\include\aegis\events\resumed.hpp">
      <Filter>Header Files\aegis\gateway events</Filter>
    </ClInclude>
    <ClInclude Include="..\include\aegis\events\ready.hpp">
      <Filter>Header Files\aegis\gateway events</Filter>
    </ClInclude>
    <ClInclude Include="..\include\aegis\objects\user.hpp">
      <Filter>Header Files\aegis\objects</Filter>
    </ClInclude>
    <ClInclude Include="..\include\aegis\objects\guild.hpp">
      <Filter>Header Files\aegis\objects</Filter>
    </ClInclude>
    <ClInclude Include="..\include\aegis\objects\channel.hpp">
      <Filter>Header Files\aegis\objects</Filter>
    </ClInclude>
    <ClInclude Include="..\include\aegis\objects\permission_overwrite.hpp">
      <Filter>Header Files\aegis\objects</Filter>
    </ClInclude>
    <ClInclude Include="..\include\aegis\objects\guild_member.hpp">
      <Filter>Header Files\aegis\objects</Filter>
    </ClInclude>
    <ClInclude Include="..\include\aegis\objects\presence.hpp">
      <Filter>Header Files\aegis\objects</Filter>
    </ClInclude>
    <ClInclude Include="..\include\aegis\objects\role.hpp">
      <Filter>Header Files\aegis\objects</Filter>
    </ClInclude>
    <ClInclude Include="..\include\aegis\objects\voice_state.hpp">
      <Filter>Header Files\aegis\objects</Filter>
    </ClInclude>
  </ItemGroup>
  <ItemGroup>
    <None Include="..\src\minimal.cpp">
      <Filter>Source Files</Filter>
    </None>
    <None Include="..\.travis.yml">
      <Filter>Source Files</Filter>
    </None>
    <None Include="..\README.md">
      <Filter>Source Files</Filter>
    </None>
    <None Include="..\aegis.dox">
      <Filter>Source Files</Filter>
    </None>
  </ItemGroup>
  <ItemGroup>
    <ClCompile Include="..\src\main.cpp">
      <Filter>Source Files</Filter>
    </ClCompile>
  </ItemGroup>
  <ItemGroup>
    <Text Include="..\CMakeLists.txt">
      <Filter>Source Files</Filter>
    </Text>
  </ItemGroup>
</Project>